// !$*UTF8*$!
{
	archiveVersion = 1;
	classes = {
	};
	objectVersion = 46;
	objects = {

/* Begin PBXBuildFile section */
		BBF294471C6B9ED000367934 /* Deque.framework in Frameworks */ = {isa = PBXBuildFile; fileRef = BBF2943C1C6B9ED000367934 /* Deque.framework */; };
		BBF2944C1C6B9ED000367934 /* DequeTests.swift in Sources */ = {isa = PBXBuildFile; fileRef = BBF2944B1C6B9ED000367934 /* DequeTests.swift */; };
		BBF294571C6BA00600367934 /* Deque.swift in Sources */ = {isa = PBXBuildFile; fileRef = BBF294561C6BA00600367934 /* Deque.swift */; };
		BBF294671C6BA0B600367934 /* Deque.framework in Frameworks */ = {isa = PBXBuildFile; fileRef = BBF2945D1C6BA0B600367934 /* Deque.framework */; };
		BBF294741C6BA19E00367934 /* Deque.swift in Sources */ = {isa = PBXBuildFile; fileRef = BBF294561C6BA00600367934 /* Deque.swift */; };
		BBF294751C6BA1A200367934 /* DequeTests.swift in Sources */ = {isa = PBXBuildFile; fileRef = BBF2944B1C6B9ED000367934 /* DequeTests.swift */; };
		BBF2949F1C6BB4FB00367934 /* Deque.framework in Frameworks */ = {isa = PBXBuildFile; fileRef = BBF294951C6BB4FB00367934 /* Deque.framework */; };
		BBF294AC1C6BB5BA00367934 /* Deque.swift in Sources */ = {isa = PBXBuildFile; fileRef = BBF294561C6BA00600367934 /* Deque.swift */; };
		BBF294AD1C6BB5BA00367934 /* Deque.swift in Sources */ = {isa = PBXBuildFile; fileRef = BBF294561C6BA00600367934 /* Deque.swift */; };
		BBF294AE1C6BB5BE00367934 /* DequeTests.swift in Sources */ = {isa = PBXBuildFile; fileRef = BBF2944B1C6B9ED000367934 /* DequeTests.swift */; };
/* End PBXBuildFile section */

/* Begin PBXContainerItemProxy section */
		BBF294481C6B9ED000367934 /* PBXContainerItemProxy */ = {
			isa = PBXContainerItemProxy;
			containerPortal = BBF294331C6B9ED000367934 /* Project object */;
			proxyType = 1;
			remoteGlobalIDString = BBF2943B1C6B9ED000367934;
			remoteInfo = Deque;
		};
		BBF294681C6BA0B600367934 /* PBXContainerItemProxy */ = {
			isa = PBXContainerItemProxy;
			containerPortal = BBF294331C6B9ED000367934 /* Project object */;
			proxyType = 1;
			remoteGlobalIDString = BBF2945C1C6BA0B600367934;
			remoteInfo = Deque;
		};
		BBF294A01C6BB4FB00367934 /* PBXContainerItemProxy */ = {
			isa = PBXContainerItemProxy;
			containerPortal = BBF294331C6B9ED000367934 /* Project object */;
			proxyType = 1;
			remoteGlobalIDString = BBF294941C6BB4FB00367934;
			remoteInfo = Deque;
		};
/* End PBXContainerItemProxy section */

/* Begin PBXFileReference section */
		BB1C3FF91CA2EA6F004A0FE8 /* version.xcconfig */ = {isa = PBXFileReference; lastKnownFileType = text.xcconfig; path = version.xcconfig; sourceTree = "<group>"; };
		BBB506861DD227A300D0FC8E /* CHANGELOG.md */ = {isa = PBXFileReference; lastKnownFileType = net.daringfireball.markdown; path = CHANGELOG.md; sourceTree = "<group>"; };
		BBF2943C1C6B9ED000367934 /* Deque.framework */ = {isa = PBXFileReference; explicitFileType = wrapper.framework; includeInIndex = 0; path = Deque.framework; sourceTree = BUILT_PRODUCTS_DIR; };
		BBF294411C6B9ED000367934 /* Info.plist */ = {isa = PBXFileReference; lastKnownFileType = text.plist.xml; path = Info.plist; sourceTree = "<group>"; };
		BBF294461C6B9ED000367934 /* DequeTests-iOS.xctest */ = {isa = PBXFileReference; explicitFileType = wrapper.cfbundle; includeInIndex = 0; path = "DequeTests-iOS.xctest"; sourceTree = BUILT_PRODUCTS_DIR; };
		BBF2944B1C6B9ED000367934 /* DequeTests.swift */ = {isa = PBXFileReference; lastKnownFileType = sourcecode.swift; path = DequeTests.swift; sourceTree = "<group>"; };
		BBF2944D1C6B9ED000367934 /* Info.plist */ = {isa = PBXFileReference; lastKnownFileType = text.plist.xml; path = Info.plist; sourceTree = "<group>"; };
		BBF294561C6BA00600367934 /* Deque.swift */ = {isa = PBXFileReference; fileEncoding = 4; lastKnownFileType = sourcecode.swift; path = Deque.swift; sourceTree = "<group>"; };
		BBF2945D1C6BA0B600367934 /* Deque.framework */ = {isa = PBXFileReference; explicitFileType = wrapper.framework; includeInIndex = 0; path = Deque.framework; sourceTree = BUILT_PRODUCTS_DIR; };
		BBF294661C6BA0B600367934 /* DequeTests-Mac.xctest */ = {isa = PBXFileReference; explicitFileType = wrapper.cfbundle; includeInIndex = 0; path = "DequeTests-Mac.xctest"; sourceTree = BUILT_PRODUCTS_DIR; };
		BBF294881C6BB4C900367934 /* Deque.framework */ = {isa = PBXFileReference; explicitFileType = wrapper.framework; includeInIndex = 0; path = Deque.framework; sourceTree = BUILT_PRODUCTS_DIR; };
		BBF294951C6BB4FB00367934 /* Deque.framework */ = {isa = PBXFileReference; explicitFileType = wrapper.framework; includeInIndex = 0; path = Deque.framework; sourceTree = BUILT_PRODUCTS_DIR; };
		BBF2949E1C6BB4FB00367934 /* DequeTests-tvOS.xctest */ = {isa = PBXFileReference; explicitFileType = wrapper.cfbundle; includeInIndex = 0; path = "DequeTests-tvOS.xctest"; sourceTree = BUILT_PRODUCTS_DIR; };
		BBF294AF1C6BB69500367934 /* Package.swift */ = {isa = PBXFileReference; lastKnownFileType = sourcecode.swift; path = Package.swift; sourceTree = "<group>"; };
		BBF294B01C6BB6C600367934 /* README.md */ = {isa = PBXFileReference; lastKnownFileType = net.daringfireball.markdown; path = README.md; sourceTree = "<group>"; };
		BBF294B11C6BB8B200367934 /* .travis.yml */ = {isa = PBXFileReference; lastKnownFileType = text; path = .travis.yml; sourceTree = "<group>"; };
		BBF294B21C6BB91000367934 /* LICENSE.md */ = {isa = PBXFileReference; lastKnownFileType = net.daringfireball.markdown; path = LICENSE.md; sourceTree = "<group>"; };
		BBF294B31C6BB94E00367934 /* Deque.podspec */ = {isa = PBXFileReference; explicitFileType = text.script.ruby; path = Deque.podspec; sourceTree = "<group>"; };
/* End PBXFileReference section */

/* Begin PBXFrameworksBuildPhase section */
		BBF294381C6B9ED000367934 /* Frameworks */ = {
			isa = PBXFrameworksBuildPhase;
			buildActionMask = 2147483647;
			files = (
			);
			runOnlyForDeploymentPostprocessing = 0;
		};
		BBF294431C6B9ED000367934 /* Frameworks */ = {
			isa = PBXFrameworksBuildPhase;
			buildActionMask = 2147483647;
			files = (
				BBF294471C6B9ED000367934 /* Deque.framework in Frameworks */,
			);
			runOnlyForDeploymentPostprocessing = 0;
		};
		BBF294591C6BA0B600367934 /* Frameworks */ = {
			isa = PBXFrameworksBuildPhase;
			buildActionMask = 2147483647;
			files = (
			);
			runOnlyForDeploymentPostprocessing = 0;
		};
		BBF294631C6BA0B600367934 /* Frameworks */ = {
			isa = PBXFrameworksBuildPhase;
			buildActionMask = 2147483647;
			files = (
				BBF294671C6BA0B600367934 /* Deque.framework in Frameworks */,
			);
			runOnlyForDeploymentPostprocessing = 0;
		};
		BBF294841C6BB4C900367934 /* Frameworks */ = {
			isa = PBXFrameworksBuildPhase;
			buildActionMask = 2147483647;
			files = (
			);
			runOnlyForDeploymentPostprocessing = 0;
		};
		BBF294911C6BB4FB00367934 /* Frameworks */ = {
			isa = PBXFrameworksBuildPhase;
			buildActionMask = 2147483647;
			files = (
			);
			runOnlyForDeploymentPostprocessing = 0;
		};
		BBF2949B1C6BB4FB00367934 /* Frameworks */ = {
			isa = PBXFrameworksBuildPhase;
			buildActionMask = 2147483647;
			files = (
				BBF2949F1C6BB4FB00367934 /* Deque.framework in Frameworks */,
			);
			runOnlyForDeploymentPostprocessing = 0;
		};
/* End PBXFrameworksBuildPhase section */

/* Begin PBXGroup section */
		BBF294321C6B9ED000367934 = {
			isa = PBXGroup;
			children = (
				BBF294B01C6BB6C600367934 /* README.md */,
				BBB506861DD227A300D0FC8E /* CHANGELOG.md */,
				BBF294B21C6BB91000367934 /* LICENSE.md */,
				BBF294B11C6BB8B200367934 /* .travis.yml */,
				BB1C3FF91CA2EA6F004A0FE8 /* version.xcconfig */,
				BBF294B31C6BB94E00367934 /* Deque.podspec */,
				BBF294AF1C6BB69500367934 /* Package.swift */,
				BBF2943E1C6B9ED000367934 /* Sources */,
				BBF2944A1C6B9ED000367934 /* Tests */,
				BBF2943D1C6B9ED000367934 /* Products */,
			);
			sourceTree = "<group>";
		};
		BBF2943D1C6B9ED000367934 /* Products */ = {
			isa = PBXGroup;
			children = (
				BBF2943C1C6B9ED000367934 /* Deque.framework */,
				BBF294461C6B9ED000367934 /* DequeTests-iOS.xctest */,
				BBF2945D1C6BA0B600367934 /* Deque.framework */,
				BBF294661C6BA0B600367934 /* DequeTests-Mac.xctest */,
				BBF294881C6BB4C900367934 /* Deque.framework */,
				BBF294951C6BB4FB00367934 /* Deque.framework */,
				BBF2949E1C6BB4FB00367934 /* DequeTests-tvOS.xctest */,
			);
			name = Products;
			sourceTree = "<group>";
		};
		BBF2943E1C6B9ED000367934 /* Sources */ = {
			isa = PBXGroup;
			children = (
				BBF294561C6BA00600367934 /* Deque.swift */,
				BBF294411C6B9ED000367934 /* Info.plist */,
			);
			path = Sources;
			sourceTree = "<group>";
		};
		BBF2944A1C6B9ED000367934 /* Tests */ = {
			isa = PBXGroup;
			children = (
				BBF2944B1C6B9ED000367934 /* DequeTests.swift */,
				BBF2944D1C6B9ED000367934 /* Info.plist */,
			);
			name = Tests;
			path = Tests/DequeTests;
			sourceTree = "<group>";
		};
/* End PBXGroup section */

/* Begin PBXHeadersBuildPhase section */
		BBF294391C6B9ED000367934 /* Headers */ = {
			isa = PBXHeadersBuildPhase;
			buildActionMask = 2147483647;
			files = (
			);
			runOnlyForDeploymentPostprocessing = 0;
		};
		BBF2945A1C6BA0B600367934 /* Headers */ = {
			isa = PBXHeadersBuildPhase;
			buildActionMask = 2147483647;
			files = (
			);
			runOnlyForDeploymentPostprocessing = 0;
		};
		BBF294851C6BB4C900367934 /* Headers */ = {
			isa = PBXHeadersBuildPhase;
			buildActionMask = 2147483647;
			files = (
			);
			runOnlyForDeploymentPostprocessing = 0;
		};
		BBF294921C6BB4FB00367934 /* Headers */ = {
			isa = PBXHeadersBuildPhase;
			buildActionMask = 2147483647;
			files = (
			);
			runOnlyForDeploymentPostprocessing = 0;
		};
/* End PBXHeadersBuildPhase section */

/* Begin PBXNativeTarget section */
		BBF2943B1C6B9ED000367934 /* Deque-iOS */ = {
			isa = PBXNativeTarget;
			buildConfigurationList = BBF294501C6B9ED000367934 /* Build configuration list for PBXNativeTarget "Deque-iOS" */;
			buildPhases = (
				BBF294371C6B9ED000367934 /* Sources */,
				BBF294381C6B9ED000367934 /* Frameworks */,
				BBF294391C6B9ED000367934 /* Headers */,
				BBF2943A1C6B9ED000367934 /* Resources */,
			);
			buildRules = (
			);
			dependencies = (
			);
			name = "Deque-iOS";
			productName = Deque;
			productReference = BBF2943C1C6B9ED000367934 /* Deque.framework */;
			productType = "com.apple.product-type.framework";
		};
		BBF294451C6B9ED000367934 /* DequeTests-iOS */ = {
			isa = PBXNativeTarget;
			buildConfigurationList = BBF294531C6B9ED000367934 /* Build configuration list for PBXNativeTarget "DequeTests-iOS" */;
			buildPhases = (
				BBF294421C6B9ED000367934 /* Sources */,
				BBF294431C6B9ED000367934 /* Frameworks */,
				BBF294441C6B9ED000367934 /* Resources */,
			);
			buildRules = (
			);
			dependencies = (
				BBF294491C6B9ED000367934 /* PBXTargetDependency */,
			);
			name = "DequeTests-iOS";
			productName = DequeTests;
			productReference = BBF294461C6B9ED000367934 /* DequeTests-iOS.xctest */;
			productType = "com.apple.product-type.bundle.unit-test";
		};
		BBF2945C1C6BA0B600367934 /* Deque-macOS */ = {
			isa = PBXNativeTarget;
			buildConfigurationList = BBF2946E1C6BA0B600367934 /* Build configuration list for PBXNativeTarget "Deque-macOS" */;
			buildPhases = (
				BBF294581C6BA0B600367934 /* Sources */,
				BBF294591C6BA0B600367934 /* Frameworks */,
				BBF2945A1C6BA0B600367934 /* Headers */,
				BBF2945B1C6BA0B600367934 /* Resources */,
			);
			buildRules = (
			);
			dependencies = (
			);
			name = "Deque-macOS";
			productName = Deque;
			productReference = BBF2945D1C6BA0B600367934 /* Deque.framework */;
			productType = "com.apple.product-type.framework";
		};
		BBF294651C6BA0B600367934 /* DequeTests-Mac */ = {
			isa = PBXNativeTarget;
			buildConfigurationList = BBF294711C6BA0B600367934 /* Build configuration list for PBXNativeTarget "DequeTests-Mac" */;
			buildPhases = (
				BBF294621C6BA0B600367934 /* Sources */,
				BBF294631C6BA0B600367934 /* Frameworks */,
				BBF294641C6BA0B600367934 /* Resources */,
			);
			buildRules = (
			);
			dependencies = (
				BBF294691C6BA0B600367934 /* PBXTargetDependency */,
			);
			name = "DequeTests-Mac";
			productName = DequeTests;
			productReference = BBF294661C6BA0B600367934 /* DequeTests-Mac.xctest */;
			productType = "com.apple.product-type.bundle.unit-test";
		};
		BBF294871C6BB4C900367934 /* Deque-watchOS */ = {
			isa = PBXNativeTarget;
			buildConfigurationList = BBF2948D1C6BB4C900367934 /* Build configuration list for PBXNativeTarget "Deque-watchOS" */;
			buildPhases = (
				BBF294831C6BB4C900367934 /* Sources */,
				BBF294841C6BB4C900367934 /* Frameworks */,
				BBF294851C6BB4C900367934 /* Headers */,
				BBF294861C6BB4C900367934 /* Resources */,
			);
			buildRules = (
			);
			dependencies = (
			);
			name = "Deque-watchOS";
			productName = Deque;
			productReference = BBF294881C6BB4C900367934 /* Deque.framework */;
			productType = "com.apple.product-type.framework";
		};
		BBF294941C6BB4FB00367934 /* Deque-tvOS */ = {
			isa = PBXNativeTarget;
			buildConfigurationList = BBF294A61C6BB4FB00367934 /* Build configuration list for PBXNativeTarget "Deque-tvOS" */;
			buildPhases = (
				BBF294901C6BB4FB00367934 /* Sources */,
				BBF294911C6BB4FB00367934 /* Frameworks */,
				BBF294921C6BB4FB00367934 /* Headers */,
				BBF294931C6BB4FB00367934 /* Resources */,
			);
			buildRules = (
			);
			dependencies = (
			);
			name = "Deque-tvOS";
			productName = Deque;
			productReference = BBF294951C6BB4FB00367934 /* Deque.framework */;
			productType = "com.apple.product-type.framework";
		};
		BBF2949D1C6BB4FB00367934 /* DequeTests-tvOS */ = {
			isa = PBXNativeTarget;
			buildConfigurationList = BBF294A91C6BB4FB00367934 /* Build configuration list for PBXNativeTarget "DequeTests-tvOS" */;
			buildPhases = (
				BBF2949A1C6BB4FB00367934 /* Sources */,
				BBF2949B1C6BB4FB00367934 /* Frameworks */,
				BBF2949C1C6BB4FB00367934 /* Resources */,
			);
			buildRules = (
			);
			dependencies = (
				BBF294A11C6BB4FB00367934 /* PBXTargetDependency */,
			);
			name = "DequeTests-tvOS";
			productName = DequeTests;
			productReference = BBF2949E1C6BB4FB00367934 /* DequeTests-tvOS.xctest */;
			productType = "com.apple.product-type.bundle.unit-test";
		};
/* End PBXNativeTarget section */

/* Begin PBXProject section */
		BBF294331C6B9ED000367934 /* Project object */ = {
			isa = PBXProject;
			attributes = {
				LastSwiftUpdateCheck = 0730;
				LastUpgradeCheck = 1000;
				ORGANIZATIONNAME = "Károly Lőrentey";
				TargetAttributes = {
					BBF2943B1C6B9ED000367934 = {
						CreatedOnToolsVersion = 7.3;
						LastSwiftMigration = 0900;
						ProvisioningStyle = Automatic;
					};
					BBF294451C6B9ED000367934 = {
						CreatedOnToolsVersion = 7.3;
						LastSwiftMigration = 0900;
						ProvisioningStyle = Automatic;
					};
					BBF2945C1C6BA0B600367934 = {
						CreatedOnToolsVersion = 7.3;
						LastSwiftMigration = 1000;
						ProvisioningStyle = Automatic;
					};
					BBF294651C6BA0B600367934 = {
						CreatedOnToolsVersion = 7.3;
						LastSwiftMigration = 1000;
						ProvisioningStyle = Automatic;
					};
					BBF294871C6BB4C900367934 = {
						CreatedOnToolsVersion = 7.3;
					};
					BBF294941C6BB4FB00367934 = {
						CreatedOnToolsVersion = 7.3;
					};
					BBF2949D1C6BB4FB00367934 = {
						CreatedOnToolsVersion = 7.3;
					};
				};
			};
			buildConfigurationList = BBF294361C6B9ED000367934 /* Build configuration list for PBXProject "Deque" */;
			compatibilityVersion = "Xcode 3.2";
			developmentRegion = English;
			hasScannedForEncodings = 0;
			knownRegions = (
				en,
			);
			mainGroup = BBF294321C6B9ED000367934;
			productRefGroup = BBF2943D1C6B9ED000367934 /* Products */;
			projectDirPath = "";
			projectRoot = "";
			targets = (
				BBF2943B1C6B9ED000367934 /* Deque-iOS */,
				BBF2945C1C6BA0B600367934 /* Deque-macOS */,
				BBF294871C6BB4C900367934 /* Deque-watchOS */,
				BBF294941C6BB4FB00367934 /* Deque-tvOS */,
				BBF294451C6B9ED000367934 /* DequeTests-iOS */,
				BBF294651C6BA0B600367934 /* DequeTests-Mac */,
				BBF2949D1C6BB4FB00367934 /* DequeTests-tvOS */,
			);
		};
/* End PBXProject section */

/* Begin PBXResourcesBuildPhase section */
		BBF2943A1C6B9ED000367934 /* Resources */ = {
			isa = PBXResourcesBuildPhase;
			buildActionMask = 2147483647;
			files = (
			);
			runOnlyForDeploymentPostprocessing = 0;
		};
		BBF294441C6B9ED000367934 /* Resources */ = {
			isa = PBXResourcesBuildPhase;
			buildActionMask = 2147483647;
			files = (
			);
			runOnlyForDeploymentPostprocessing = 0;
		};
		BBF2945B1C6BA0B600367934 /* Resources */ = {
			isa = PBXResourcesBuildPhase;
			buildActionMask = 2147483647;
			files = (
			);
			runOnlyForDeploymentPostprocessing = 0;
		};
		BBF294641C6BA0B600367934 /* Resources */ = {
			isa = PBXResourcesBuildPhase;
			buildActionMask = 2147483647;
			files = (
			);
			runOnlyForDeploymentPostprocessing = 0;
		};
		BBF294861C6BB4C900367934 /* Resources */ = {
			isa = PBXResourcesBuildPhase;
			buildActionMask = 2147483647;
			files = (
			);
			runOnlyForDeploymentPostprocessing = 0;
		};
		BBF294931C6BB4FB00367934 /* Resources */ = {
			isa = PBXResourcesBuildPhase;
			buildActionMask = 2147483647;
			files = (
			);
			runOnlyForDeploymentPostprocessing = 0;
		};
		BBF2949C1C6BB4FB00367934 /* Resources */ = {
			isa = PBXResourcesBuildPhase;
			buildActionMask = 2147483647;
			files = (
			);
			runOnlyForDeploymentPostprocessing = 0;
		};
/* End PBXResourcesBuildPhase section */

/* Begin PBXSourcesBuildPhase section */
		BBF294371C6B9ED000367934 /* Sources */ = {
			isa = PBXSourcesBuildPhase;
			buildActionMask = 2147483647;
			files = (
				BBF294571C6BA00600367934 /* Deque.swift in Sources */,
			);
			runOnlyForDeploymentPostprocessing = 0;
		};
		BBF294421C6B9ED000367934 /* Sources */ = {
			isa = PBXSourcesBuildPhase;
			buildActionMask = 2147483647;
			files = (
				BBF2944C1C6B9ED000367934 /* DequeTests.swift in Sources */,
			);
			runOnlyForDeploymentPostprocessing = 0;
		};
		BBF294581C6BA0B600367934 /* Sources */ = {
			isa = PBXSourcesBuildPhase;
			buildActionMask = 2147483647;
			files = (
				BBF294741C6BA19E00367934 /* Deque.swift in Sources */,
			);
			runOnlyForDeploymentPostprocessing = 0;
		};
		BBF294621C6BA0B600367934 /* Sources */ = {
			isa = PBXSourcesBuildPhase;
			buildActionMask = 2147483647;
			files = (
				BBF294751C6BA1A200367934 /* DequeTests.swift in Sources */,
			);
			runOnlyForDeploymentPostprocessing = 0;
		};
		BBF294831C6BB4C900367934 /* Sources */ = {
			isa = PBXSourcesBuildPhase;
			buildActionMask = 2147483647;
			files = (
				BBF294AC1C6BB5BA00367934 /* Deque.swift in Sources */,
			);
			runOnlyForDeploymentPostprocessing = 0;
		};
		BBF294901C6BB4FB00367934 /* Sources */ = {
			isa = PBXSourcesBuildPhase;
			buildActionMask = 2147483647;
			files = (
				BBF294AD1C6BB5BA00367934 /* Deque.swift in Sources */,
			);
			runOnlyForDeploymentPostprocessing = 0;
		};
		BBF2949A1C6BB4FB00367934 /* Sources */ = {
			isa = PBXSourcesBuildPhase;
			buildActionMask = 2147483647;
			files = (
				BBF294AE1C6BB5BE00367934 /* DequeTests.swift in Sources */,
			);
			runOnlyForDeploymentPostprocessing = 0;
		};
/* End PBXSourcesBuildPhase section */

/* Begin PBXTargetDependency section */
		BBF294491C6B9ED000367934 /* PBXTargetDependency */ = {
			isa = PBXTargetDependency;
			target = BBF2943B1C6B9ED000367934 /* Deque-iOS */;
			targetProxy = BBF294481C6B9ED000367934 /* PBXContainerItemProxy */;
		};
		BBF294691C6BA0B600367934 /* PBXTargetDependency */ = {
			isa = PBXTargetDependency;
			target = BBF2945C1C6BA0B600367934 /* Deque-macOS */;
			targetProxy = BBF294681C6BA0B600367934 /* PBXContainerItemProxy */;
		};
		BBF294A11C6BB4FB00367934 /* PBXTargetDependency */ = {
			isa = PBXTargetDependency;
			target = BBF294941C6BB4FB00367934 /* Deque-tvOS */;
			targetProxy = BBF294A01C6BB4FB00367934 /* PBXContainerItemProxy */;
		};
/* End PBXTargetDependency section */

/* Begin XCBuildConfiguration section */
		BBF2944E1C6B9ED000367934 /* Debug */ = {
			isa = XCBuildConfiguration;
			baseConfigurationReference = BB1C3FF91CA2EA6F004A0FE8 /* version.xcconfig */;
			buildSettings = {
				ALWAYS_SEARCH_USER_PATHS = NO;
				CLANG_ANALYZER_NONNULL = YES;
				CLANG_CXX_LANGUAGE_STANDARD = "gnu++0x";
				CLANG_CXX_LIBRARY = "libc++";
				CLANG_ENABLE_MODULES = YES;
				CLANG_ENABLE_OBJC_ARC = YES;
				CLANG_WARN_BLOCK_CAPTURE_AUTORELEASING = YES;
				CLANG_WARN_BOOL_CONVERSION = YES;
				CLANG_WARN_COMMA = YES;
				CLANG_WARN_CONSTANT_CONVERSION = YES;
				CLANG_WARN_DEPRECATED_OBJC_IMPLEMENTATIONS = YES;
				CLANG_WARN_DIRECT_OBJC_ISA_USAGE = YES_ERROR;
				CLANG_WARN_EMPTY_BODY = YES;
				CLANG_WARN_ENUM_CONVERSION = YES;
				CLANG_WARN_INFINITE_RECURSION = YES;
				CLANG_WARN_INT_CONVERSION = YES;
				CLANG_WARN_NON_LITERAL_NULL_CONVERSION = YES;
				CLANG_WARN_OBJC_IMPLICIT_RETAIN_SELF = YES;
				CLANG_WARN_OBJC_LITERAL_CONVERSION = YES;
				CLANG_WARN_OBJC_ROOT_CLASS = YES_ERROR;
				CLANG_WARN_RANGE_LOOP_ANALYSIS = YES;
				CLANG_WARN_STRICT_PROTOTYPES = YES;
				CLANG_WARN_SUSPICIOUS_MOVE = YES;
				CLANG_WARN_UNREACHABLE_CODE = YES;
				CLANG_WARN__DUPLICATE_METHOD_MATCH = YES;
				COPY_PHASE_STRIP = NO;
				CURRENT_PROJECT_VERSION = "$(BUILD_NUMBER)";
				DEBUG_INFORMATION_FORMAT = dwarf;
				DYLIB_COMPATIBILITY_VERSION = "$(BUILD_NUMBER)";
				DYLIB_CURRENT_VERSION = "$(BUILD_NUMBER)";
				ENABLE_STRICT_OBJC_MSGSEND = YES;
				ENABLE_TESTABILITY = YES;
				GCC_C_LANGUAGE_STANDARD = gnu99;
				GCC_DYNAMIC_NO_PIC = NO;
				GCC_NO_COMMON_BLOCKS = YES;
				GCC_OPTIMIZATION_LEVEL = 0;
				GCC_PREPROCESSOR_DEFINITIONS = (
					"DEBUG=1",
					"$(inherited)",
				);
				GCC_WARN_64_TO_32_BIT_CONVERSION = YES;
				GCC_WARN_ABOUT_RETURN_TYPE = YES_ERROR;
				GCC_WARN_UNDECLARED_SELECTOR = YES;
				GCC_WARN_UNINITIALIZED_AUTOS = YES_AGGRESSIVE;
				GCC_WARN_UNUSED_FUNCTION = YES;
				GCC_WARN_UNUSED_VARIABLE = YES;
				IPHONEOS_DEPLOYMENT_TARGET = 8.0;
				MACOSX_DEPLOYMENT_TARGET = 10.9;
				MTL_ENABLE_DEBUG_INFO = YES;
				ONLY_ACTIVE_ARCH = YES;
				SDKROOT = iphoneos;
				SWIFT_OPTIMIZATION_LEVEL = "-Onone";
				SWIFT_VERSION = 4.0;
				TARGETED_DEVICE_FAMILY = "1,2";
				VERSIONING_SYSTEM = "";
				VERSION_INFO_PREFIX = "";
			};
			name = Debug;
		};
		BBF2944F1C6B9ED000367934 /* Release */ = {
			isa = XCBuildConfiguration;
			baseConfigurationReference = BB1C3FF91CA2EA6F004A0FE8 /* version.xcconfig */;
			buildSettings = {
				ALWAYS_SEARCH_USER_PATHS = NO;
				CLANG_ANALYZER_NONNULL = YES;
				CLANG_CXX_LANGUAGE_STANDARD = "gnu++0x";
				CLANG_CXX_LIBRARY = "libc++";
				CLANG_ENABLE_MODULES = YES;
				CLANG_ENABLE_OBJC_ARC = YES;
				CLANG_WARN_BLOCK_CAPTURE_AUTORELEASING = YES;
				CLANG_WARN_BOOL_CONVERSION = YES;
				CLANG_WARN_COMMA = YES;
				CLANG_WARN_CONSTANT_CONVERSION = YES;
				CLANG_WARN_DEPRECATED_OBJC_IMPLEMENTATIONS = YES;
				CLANG_WARN_DIRECT_OBJC_ISA_USAGE = YES_ERROR;
				CLANG_WARN_EMPTY_BODY = YES;
				CLANG_WARN_ENUM_CONVERSION = YES;
				CLANG_WARN_INFINITE_RECURSION = YES;
				CLANG_WARN_INT_CONVERSION = YES;
				CLANG_WARN_NON_LITERAL_NULL_CONVERSION = YES;
				CLANG_WARN_OBJC_IMPLICIT_RETAIN_SELF = YES;
				CLANG_WARN_OBJC_LITERAL_CONVERSION = YES;
				CLANG_WARN_OBJC_ROOT_CLASS = YES_ERROR;
				CLANG_WARN_RANGE_LOOP_ANALYSIS = YES;
				CLANG_WARN_STRICT_PROTOTYPES = YES;
				CLANG_WARN_SUSPICIOUS_MOVE = YES;
				CLANG_WARN_UNREACHABLE_CODE = YES;
				CLANG_WARN__DUPLICATE_METHOD_MATCH = YES;
				COPY_PHASE_STRIP = NO;
				CURRENT_PROJECT_VERSION = "$(BUILD_NUMBER)";
				DEBUG_INFORMATION_FORMAT = "dwarf-with-dsym";
				DYLIB_COMPATIBILITY_VERSION = "$(BUILD_NUMBER)";
				DYLIB_CURRENT_VERSION = "$(BUILD_NUMBER)";
				ENABLE_NS_ASSERTIONS = NO;
				ENABLE_STRICT_OBJC_MSGSEND = YES;
				GCC_C_LANGUAGE_STANDARD = gnu99;
				GCC_NO_COMMON_BLOCKS = YES;
				GCC_WARN_64_TO_32_BIT_CONVERSION = YES;
				GCC_WARN_ABOUT_RETURN_TYPE = YES_ERROR;
				GCC_WARN_UNDECLARED_SELECTOR = YES;
				GCC_WARN_UNINITIALIZED_AUTOS = YES_AGGRESSIVE;
				GCC_WARN_UNUSED_FUNCTION = YES;
				GCC_WARN_UNUSED_VARIABLE = YES;
				IPHONEOS_DEPLOYMENT_TARGET = 8.0;
				MACOSX_DEPLOYMENT_TARGET = 10.9;
				MTL_ENABLE_DEBUG_INFO = NO;
				SDKROOT = iphoneos;
				SWIFT_VERSION = 4.0;
				TARGETED_DEVICE_FAMILY = "1,2";
				VALIDATE_PRODUCT = YES;
				VERSIONING_SYSTEM = "";
				VERSION_INFO_PREFIX = "";
			};
			name = Release;
		};
		BBF294511C6B9ED000367934 /* Debug */ = {
			isa = XCBuildConfiguration;
			buildSettings = {
				APPLICATION_EXTENSION_API_ONLY = YES;
				CLANG_ENABLE_MODULES = YES;
				"CODE_SIGN_IDENTITY[sdk=iphoneos*]" = "";
				DEFINES_MODULE = YES;
				DEVELOPMENT_TEAM = "";
				DYLIB_INSTALL_NAME_BASE = "@rpath";
				INFOPLIST_FILE = Sources/Info.plist;
				INSTALL_PATH = "$(LOCAL_LIBRARY_DIR)/Frameworks";
				LD_RUNPATH_SEARCH_PATHS = "$(inherited) @executable_path/Frameworks @loader_path/Frameworks";
				PRODUCT_BUNDLE_IDENTIFIER = org.attaswift.Deque.iOS;
				PRODUCT_NAME = Deque;
				SKIP_INSTALL = YES;
				SWIFT_OPTIMIZATION_LEVEL = "-Onone";
				TARGETED_DEVICE_FAMILY = "1,2";
			};
			name = Debug;
		};
		BBF294521C6B9ED000367934 /* Release */ = {
			isa = XCBuildConfiguration;
			buildSettings = {
				APPLICATION_EXTENSION_API_ONLY = YES;
				CLANG_ENABLE_MODULES = YES;
				"CODE_SIGN_IDENTITY[sdk=iphoneos*]" = "";
				DEFINES_MODULE = YES;
				DEVELOPMENT_TEAM = "";
				DYLIB_INSTALL_NAME_BASE = "@rpath";
				INFOPLIST_FILE = Sources/Info.plist;
				INSTALL_PATH = "$(LOCAL_LIBRARY_DIR)/Frameworks";
				LD_RUNPATH_SEARCH_PATHS = "$(inherited) @executable_path/Frameworks @loader_path/Frameworks";
				PRODUCT_BUNDLE_IDENTIFIER = org.attaswift.Deque.iOS;
				PRODUCT_NAME = Deque;
				SKIP_INSTALL = YES;
				SWIFT_OPTIMIZATION_LEVEL = "-Owholemodule";
				TARGETED_DEVICE_FAMILY = "1,2";
			};
			name = Release;
		};
		BBF294541C6B9ED000367934 /* Debug */ = {
			isa = XCBuildConfiguration;
			buildSettings = {
				INFOPLIST_FILE = Tests/DequeTests/Info.plist;
				LD_RUNPATH_SEARCH_PATHS = "$(inherited) @executable_path/Frameworks @loader_path/Frameworks";
				PRODUCT_BUNDLE_IDENTIFIER = org.attaswift.DequeTests;
				PRODUCT_NAME = "$(TARGET_NAME)";
				SWIFT_SWIFT3_OBJC_INFERENCE = On;
			};
			name = Debug;
		};
		BBF294551C6B9ED000367934 /* Release */ = {
			isa = XCBuildConfiguration;
			buildSettings = {
				INFOPLIST_FILE = Tests/DequeTests/Info.plist;
				LD_RUNPATH_SEARCH_PATHS = "$(inherited) @executable_path/Frameworks @loader_path/Frameworks";
				PRODUCT_BUNDLE_IDENTIFIER = org.attaswift.DequeTests;
				PRODUCT_NAME = "$(TARGET_NAME)";
				SWIFT_OPTIMIZATION_LEVEL = "-Owholemodule";
				SWIFT_SWIFT3_OBJC_INFERENCE = On;
			};
			name = Release;
		};
		BBF2946F1C6BA0B600367934 /* Debug */ = {
			isa = XCBuildConfiguration;
			buildSettings = {
				APPLICATION_EXTENSION_API_ONLY = YES;
				CODE_SIGN_IDENTITY = "";
				COMBINE_HIDPI_IMAGES = YES;
				DEFINES_MODULE = YES;
				DEVELOPMENT_TEAM = "";
				DYLIB_INSTALL_NAME_BASE = "@rpath";
				FRAMEWORK_VERSION = A;
				INFOPLIST_FILE = Sources/Info.plist;
				INSTALL_PATH = "$(LOCAL_LIBRARY_DIR)/Frameworks";
				LD_RUNPATH_SEARCH_PATHS = "$(inherited) @executable_path/../Frameworks @loader_path/Frameworks";
				MACOSX_DEPLOYMENT_TARGET = 10.9;
				PRODUCT_BUNDLE_IDENTIFIER = org.attaswift.Deque.Mac;
				PRODUCT_NAME = Deque;
				SDKROOT = macosx;
				SKIP_INSTALL = YES;
				SWIFT_VERSION = 4.2;
			};
			name = Debug;
		};
		BBF294701C6BA0B600367934 /* Release */ = {
			isa = XCBuildConfiguration;
			buildSettings = {
				APPLICATION_EXTENSION_API_ONLY = YES;
				CODE_SIGN_IDENTITY = "";
				COMBINE_HIDPI_IMAGES = YES;
				DEFINES_MODULE = YES;
				DEVELOPMENT_TEAM = "";
				DYLIB_INSTALL_NAME_BASE = "@rpath";
				FRAMEWORK_VERSION = A;
				INFOPLIST_FILE = Sources/Info.plist;
				INSTALL_PATH = "$(LOCAL_LIBRARY_DIR)/Frameworks";
				LD_RUNPATH_SEARCH_PATHS = "$(inherited) @executable_path/../Frameworks @loader_path/Frameworks";
				MACOSX_DEPLOYMENT_TARGET = 10.9;
				PRODUCT_BUNDLE_IDENTIFIER = org.attaswift.Deque.Mac;
				PRODUCT_NAME = Deque;
				SDKROOT = macosx;
				SKIP_INSTALL = YES;
				SWIFT_OPTIMIZATION_LEVEL = "-Owholemodule";
				SWIFT_VERSION = 4.2;
			};
			name = Release;
		};
		BBF294721C6BA0B600367934 /* Debug */ = {
			isa = XCBuildConfiguration;
			buildSettings = {
				COMBINE_HIDPI_IMAGES = YES;
				INFOPLIST_FILE = Tests/DequeTests/Info.plist;
				LD_RUNPATH_SEARCH_PATHS = "$(inherited) @executable_path/../Frameworks @loader_path/../Frameworks";
				MACOSX_DEPLOYMENT_TARGET = 10.11;
				PRODUCT_BUNDLE_IDENTIFIER = org.attaswift.DequeTests;
				PRODUCT_NAME = "$(TARGET_NAME)";
				SDKROOT = macosx;
				SWIFT_VERSION = 4.2;
			};
			name = Debug;
		};
		BBF294731C6BA0B600367934 /* Release */ = {
			isa = XCBuildConfiguration;
			buildSettings = {
				COMBINE_HIDPI_IMAGES = YES;
				INFOPLIST_FILE = Tests/DequeTests/Info.plist;
				LD_RUNPATH_SEARCH_PATHS = "$(inherited) @executable_path/../Frameworks @loader_path/../Frameworks";
				MACOSX_DEPLOYMENT_TARGET = 10.11;
				PRODUCT_BUNDLE_IDENTIFIER = org.attaswift.DequeTests;
				PRODUCT_NAME = "$(TARGET_NAME)";
				SDKROOT = macosx;
				SWIFT_OPTIMIZATION_LEVEL = "-Owholemodule";
				SWIFT_VERSION = 4.2;
			};
			name = Release;
		};
		BBF2948E1C6BB4C900367934 /* Debug */ = {
			isa = XCBuildConfiguration;
			buildSettings = {
				APPLICATION_EXTENSION_API_ONLY = YES;
				"CODE_SIGN_IDENTITY[sdk=watchos*]" = "";
				DEFINES_MODULE = YES;
				DYLIB_INSTALL_NAME_BASE = "@rpath";
				INFOPLIST_FILE = Sources/Info.plist;
				INSTALL_PATH = "$(LOCAL_LIBRARY_DIR)/Frameworks";
				LD_RUNPATH_SEARCH_PATHS = "$(inherited) @executable_path/Frameworks @loader_path/Frameworks";
				PRODUCT_BUNDLE_IDENTIFIER = "org.attaswift.Deque-watchOS";
				PRODUCT_NAME = Deque;
				SDKROOT = watchos;
				SKIP_INSTALL = YES;
				TARGETED_DEVICE_FAMILY = 4;
				WATCHOS_DEPLOYMENT_TARGET = 2.0;
			};
			name = Debug;
		};
		BBF2948F1C6BB4C900367934 /* Release */ = {
			isa = XCBuildConfiguration;
			buildSettings = {
				APPLICATION_EXTENSION_API_ONLY = YES;
				"CODE_SIGN_IDENTITY[sdk=watchos*]" = "";
				DEFINES_MODULE = YES;
				DYLIB_INSTALL_NAME_BASE = "@rpath";
				INFOPLIST_FILE = Sources/Info.plist;
				INSTALL_PATH = "$(LOCAL_LIBRARY_DIR)/Frameworks";
				LD_RUNPATH_SEARCH_PATHS = "$(inherited) @executable_path/Frameworks @loader_path/Frameworks";
				PRODUCT_BUNDLE_IDENTIFIER = "org.attaswift.Deque-watchOS";
				PRODUCT_NAME = Deque;
				SDKROOT = watchos;
				SKIP_INSTALL = YES;
				SWIFT_OPTIMIZATION_LEVEL = "-Owholemodule";
				TARGETED_DEVICE_FAMILY = 4;
				WATCHOS_DEPLOYMENT_TARGET = 2.0;
			};
			name = Release;
		};
		BBF294A71C6BB4FB00367934 /* Debug */ = {
			isa = XCBuildConfiguration;
			buildSettings = {
				APPLICATION_EXTENSION_API_ONLY = YES;
				"CODE_SIGN_IDENTITY[sdk=appletvos*]" = "";
				DEFINES_MODULE = YES;
				DYLIB_INSTALL_NAME_BASE = "@rpath";
				INFOPLIST_FILE = Sources/Info.plist;
				INSTALL_PATH = "$(LOCAL_LIBRARY_DIR)/Frameworks";
				LD_RUNPATH_SEARCH_PATHS = "$(inherited) @executable_path/Frameworks @loader_path/Frameworks";
				PRODUCT_BUNDLE_IDENTIFIER = org.attaswift.Deque;
				PRODUCT_NAME = Deque;
				SDKROOT = appletvos;
				SKIP_INSTALL = YES;
				TARGETED_DEVICE_FAMILY = 3;
				TVOS_DEPLOYMENT_TARGET = 9.0;
			};
			name = Debug;
		};
		BBF294A81C6BB4FB00367934 /* Release */ = {
			isa = XCBuildConfiguration;
			buildSettings = {
				APPLICATION_EXTENSION_API_ONLY = YES;
				"CODE_SIGN_IDENTITY[sdk=appletvos*]" = "";
				DEFINES_MODULE = YES;
				DYLIB_INSTALL_NAME_BASE = "@rpath";
				INFOPLIST_FILE = Sources/Info.plist;
				INSTALL_PATH = "$(LOCAL_LIBRARY_DIR)/Frameworks";
				LD_RUNPATH_SEARCH_PATHS = "$(inherited) @executable_path/Frameworks @loader_path/Frameworks";
				PRODUCT_BUNDLE_IDENTIFIER = org.attaswift.Deque;
				PRODUCT_NAME = Deque;
				SDKROOT = appletvos;
				SKIP_INSTALL = YES;
				SWIFT_OPTIMIZATION_LEVEL = "-Owholemodule";
				TARGETED_DEVICE_FAMILY = 3;
				TVOS_DEPLOYMENT_TARGET = 9.0;
			};
			name = Release;
		};
		BBF294AA1C6BB4FB00367934 /* Debug */ = {
			isa = XCBuildConfiguration;
			buildSettings = {
				INFOPLIST_FILE = Tests/DequeTests/Info.plist;
				LD_RUNPATH_SEARCH_PATHS = "$(inherited) @executable_path/Frameworks @loader_path/Frameworks";
				PRODUCT_BUNDLE_IDENTIFIER = hu.lorentey.DequeTests;
				PRODUCT_NAME = "$(TARGET_NAME)";
				SDKROOT = appletvos;
				TVOS_DEPLOYMENT_TARGET = 9.0;
			};
			name = Debug;
		};
		BBF294AB1C6BB4FB00367934 /* Release */ = {
			isa = XCBuildConfiguration;
			buildSettings = {
				INFOPLIST_FILE = Tests/DequeTests/Info.plist;
				LD_RUNPATH_SEARCH_PATHS = "$(inherited) @executable_path/Frameworks @loader_path/Frameworks";
				PRODUCT_BUNDLE_IDENTIFIER = hu.lorentey.DequeTests;
				PRODUCT_NAME = "$(TARGET_NAME)";
				SDKROOT = appletvos;
				SWIFT_OPTIMIZATION_LEVEL = "-Owholemodule";
				TVOS_DEPLOYMENT_TARGET = 9.0;
			};
			name = Release;
		};
/* End XCBuildConfiguration section */

/* Begin XCConfigurationList section */
		BBF294361C6B9ED000367934 /* Build configuration list for PBXProject "Deque" */ = {
			isa = XCConfigurationList;
			buildConfigurations = (
				BBF2944E1C6B9ED000367934 /* Debug */,
				BBF2944F1C6B9ED000367934 /* Release */,
			);
			defaultConfigurationIsVisible = 0;
			defaultConfigurationName = Release;
		};
		BBF294501C6B9ED000367934 /* Build configuration list for PBXNativeTarget "Deque-iOS" */ = {
			isa = XCConfigurationList;
			buildConfigurations = (
				BBF294511C6B9ED000367934 /* Debug */,
				BBF294521C6B9ED000367934 /* Release */,
			);
			defaultConfigurationIsVisible = 0;
			defaultConfigurationName = Release;
		};
		BBF294531C6B9ED000367934 /* Build configuration list for PBXNativeTarget "DequeTests-iOS" */ = {
			isa = XCConfigurationList;
			buildConfigurations = (
				BBF294541C6B9ED000367934 /* Debug */,
				BBF294551C6B9ED000367934 /* Release */,
			);
			defaultConfigurationIsVisible = 0;
			defaultConfigurationName = Release;
		};
		BBF2946E1C6BA0B600367934 /* Build configuration list for PBXNativeTarget "Deque-macOS" */ = {
			isa = XCConfigurationList;
			buildConfigurations = (
				BBF2946F1C6BA0B600367934 /* Debug */,
				BBF294701C6BA0B600367934 /* Release */,
			);
			defaultConfigurationIsVisible = 0;
			defaultConfigurationName = Release;
		};
		BBF294711C6BA0B600367934 /* Build configuration list for PBXNativeTarget "DequeTests-Mac" */ = {
			isa = XCConfigurationList;
			buildConfigurations = (
				BBF294721C6BA0B600367934 /* Debug */,
				BBF294731C6BA0B600367934 /* Release */,
			);
			defaultConfigurationIsVisible = 0;
			defaultConfigurationName = Release;
		};
		BBF2948D1C6BB4C900367934 /* Build configuration list for PBXNativeTarget "Deque-watchOS" */ = {
			isa = XCConfigurationList;
			buildConfigurations = (
				BBF2948E1C6BB4C900367934 /* Debug */,
				BBF2948F1C6BB4C900367934 /* Release */,
			);
			defaultConfigurationIsVisible = 0;
			defaultConfigurationName = Release;
		};
		BBF294A61C6BB4FB00367934 /* Build configuration list for PBXNativeTarget "Deque-tvOS" */ = {
			isa = XCConfigurationList;
			buildConfigurations = (
				BBF294A71C6BB4FB00367934 /* Debug */,
				BBF294A81C6BB4FB00367934 /* Release */,
			);
			defaultConfigurationIsVisible = 0;
			defaultConfigurationName = Release;
		};
		BBF294A91C6BB4FB00367934 /* Build configuration list for PBXNativeTarget "DequeTests-tvOS" */ = {
			isa = XCConfigurationList;
			buildConfigurations = (
				BBF294AA1C6BB4FB00367934 /* Debug */,
				BBF294AB1C6BB4FB00367934 /* Release */,
			);
			defaultConfigurationIsVisible = 0;
			defaultConfigurationName = Release;
		};
/* End XCConfigurationList section */
	};
	rootObject = BBF294331C6B9ED000367934 /* Project object */;
}
